
Microsoft Visual Studio Solution File, Format Version 12.00
# Visual Studio Version 17
VisualStudioVersion = 17.14.36408.4 d17.14
MinimumVisualStudioVersion = 10.0.40219.1
Project("{FAE04EC0-301F-11D3-BF4B-00C04F79EFBC}") = "Employee_Management", "Employee_Management\Employee_Management.csproj", "{4DF7F092-753D-4B11-95F2-6DA58CA6437C}"
EndProject
Global
	GlobalSection(SolutionConfigurationPlatforms) = preSolution
		Debug|Any CPU = Debug|Any CPU
		Release|Any CPU = Release|Any CPU
	EndGlobalSection
	GlobalSection(ProjectConfigurationPlatforms) = postSolution
		{4DF7F092-753D-4B11-95F2-6DA58CA6437C}.Debug|Any CPU.ActiveCfg = Debug|Any CPU
		{4DF7F092-753D-4B11-95F2-6DA58CA6437C}.Debug|Any CPU.Build.0 = Debug|Any CPU
		{4DF7F092-753D-4B11-95F2-6DA58CA6437C}.Release|Any CPU.ActiveCfg = Release|Any CPU
		{4DF7F092-753D-4B11-95F2-6DA58CA6437C}.Release|Any CPU.Build.0 = Release|Any CPU
	EndGlobalSection
	GlobalSection(SolutionProperties) = preSolution
		HideSolutionNode = FALSE
	EndGlobalSection
	GlobalSection(ExtensibilityGlobals) = postSolution
		SolutionGuid = {1CE65374-56B9-43CB-8CF7-E782C9D31BA5}
	EndGlobalSection
EndGlobal
